// !$*UTF8*$!
{
	archiveVersion = 1;
	classes = {
	};
	objectVersion = 55;
	objects = {

/* Begin PBXBuildFile section */
		462DE877293EE54300746706 /* RecipeParams.swift in Sources */ = {isa = PBXBuildFile; fileRef = 462DE876293EE54300746706 /* RecipeParams.swift */; };
		4631C4D6293AEB5200D82617 /* RecipeItem.swift in Sources */ = {isa = PBXBuildFile; fileRef = 4631C4D5293AEB5200D82617 /* RecipeItem.swift */; };
		4631C4D8293AEC6600D82617 /* RecipeItemViewModel.swift in Sources */ = {isa = PBXBuildFile; fileRef = 4631C4D7293AEC6600D82617 /* RecipeItemViewModel.swift */; };
		4631C4DA293AF4DC00D82617 /* MyRecipeListView.swift in Sources */ = {isa = PBXBuildFile; fileRef = 4631C4D9293AF4DC00D82617 /* MyRecipeListView.swift */; };
		4631C4DC293AF8E100D82617 /* RecipeAddViewModel.swift in Sources */ = {isa = PBXBuildFile; fileRef = 4631C4DB293AF8E100D82617 /* RecipeAddViewModel.swift */; };
		4637C664293D9F2A00250A58 /* SearchRecipeView.swift in Sources */ = {isa = PBXBuildFile; fileRef = 4637C663293D9F2A00250A58 /* SearchRecipeView.swift */; };
		4637C666293DC1D100250A58 /* FrontView.swift in Sources */ = {isa = PBXBuildFile; fileRef = 4637C665293DC1D100250A58 /* FrontView.swift */; };
		465E8BA1293E6CF60009C2B7 /* TestView.swift in Sources */ = {isa = PBXBuildFile; fileRef = 465E8BA0293E6CF60009C2B7 /* TestView.swift */; };
		46AFE1EF293B1CE700D01B9D /* RecipeFullView.swift in Sources */ = {isa = PBXBuildFile; fileRef = 46AFE1EE293B1CE700D01B9D /* RecipeFullView.swift */; };
		46FFB17D293D6A90001BCC8F /* RecipeFavoriteCard.swift in Sources */ = {isa = PBXBuildFile; fileRef = 46FFB17C293D6A90001BCC8F /* RecipeFavoriteCard.swift */; };
		46FFB181293D7EA7001BCC8F /* FavoriteManager.swift in Sources */ = {isa = PBXBuildFile; fileRef = 46FFB180293D7EA7001BCC8F /* FavoriteManager.swift */; };
		9C462F33291A0F7300F31E41 /* Savory_SweetApp.swift in Sources */ = {isa = PBXBuildFile; fileRef = 9C462F32291A0F7300F31E41 /* Savory_SweetApp.swift */; };
		9C462F35291A0F7300F31E41 /* ContentView.swift in Sources */ = {isa = PBXBuildFile; fileRef = 9C462F34291A0F7300F31E41 /* ContentView.swift */; };
		9C462F37291A0F7800F31E41 /* Assets.xcassets in Resources */ = {isa = PBXBuildFile; fileRef = 9C462F36291A0F7800F31E41 /* Assets.xcassets */; };
		9C462F3A291A0F7800F31E41 /* Preview Assets.xcassets in Resources */ = {isa = PBXBuildFile; fileRef = 9C462F39291A0F7800F31E41 /* Preview Assets.xcassets */; };
		9C462F44291A0F7900F31E41 /* Savory_SweetTests.swift in Sources */ = {isa = PBXBuildFile; fileRef = 9C462F43291A0F7900F31E41 /* Savory_SweetTests.swift */; };
		9C462F4E291A0F7900F31E41 /* Savory_SweetUITests.swift in Sources */ = {isa = PBXBuildFile; fileRef = 9C462F4D291A0F7900F31E41 /* Savory_SweetUITests.swift */; };
		9C462F50291A0F7900F31E41 /* Savory_SweetUITestsLaunchTests.swift in Sources */ = {isa = PBXBuildFile; fileRef = 9C462F4F291A0F7900F31E41 /* Savory_SweetUITestsLaunchTests.swift */; };
		9CBC3A99291A136900DDAD3D /* HomeView.swift in Sources */ = {isa = PBXBuildFile; fileRef = 9CBC3A98291A136900DDAD3D /* HomeView.swift */; };
		9CBC3A9B291A137700DDAD3D /* MyRecipesView.swift in Sources */ = {isa = PBXBuildFile; fileRef = 9CBC3A9A291A137700DDAD3D /* MyRecipesView.swift */; };
		9CBC3A9D291A138500DDAD3D /* FavoritesView.swift in Sources */ = {isa = PBXBuildFile; fileRef = 9CBC3A9C291A138500DDAD3D /* FavoritesView.swift */; };
		9CBC3A9F291A139D00DDAD3D /* AddRecipeView.swift in Sources */ = {isa = PBXBuildFile; fileRef = 9CBC3A9E291A139D00DDAD3D /* AddRecipeView.swift */; };
		9CBC3AA1291A13AE00DDAD3D /* SettingsView.swift in Sources */ = {isa = PBXBuildFile; fileRef = 9CBC3AA0291A13AE00DDAD3D /* SettingsView.swift */; };
		9CBC3AA4291A14DF00DDAD3D /* TabBarView.swift in Sources */ = {isa = PBXBuildFile; fileRef = 9CBC3AA3291A14DF00DDAD3D /* TabBarView.swift */; };
		A502C1C829208098005871FA /* WebService.swift in Sources */ = {isa = PBXBuildFile; fileRef = A502C1C729208098005871FA /* WebService.swift */; };
		A502C1CA2920877C005871FA /* Recipe.swift in Sources */ = {isa = PBXBuildFile; fileRef = A502C1C92920877C005871FA /* Recipe.swift */; };
		A502C1CC2920880E005871FA /* RecipeListViewModel.swift in Sources */ = {isa = PBXBuildFile; fileRef = A502C1CB2920880E005871FA /* RecipeListViewModel.swift */; };
		A502C1CE292089D4005871FA /* StringSpace.swift in Sources */ = {isa = PBXBuildFile; fileRef = A502C1CD292089D4005871FA /* StringSpace.swift */; };
/* End PBXBuildFile section */

/* Begin PBXContainerItemProxy section */
		9C462F40291A0F7800F31E41 /* PBXContainerItemProxy */ = {
			isa = PBXContainerItemProxy;
			containerPortal = 9C462F27291A0F7300F31E41 /* Project object */;
			proxyType = 1;
			remoteGlobalIDString = 9C462F2E291A0F7300F31E41;
			remoteInfo = "Savory&Sweet";
		};
		9C462F4A291A0F7900F31E41 /* PBXContainerItemProxy */ = {
			isa = PBXContainerItemProxy;
			containerPortal = 9C462F27291A0F7300F31E41 /* Project object */;
			proxyType = 1;
			remoteGlobalIDString = 9C462F2E291A0F7300F31E41;
			remoteInfo = "Savory&Sweet";
		};
/* End PBXContainerItemProxy section */

/* Begin PBXFileReference section */
		462DE876293EE54300746706 /* RecipeParams.swift */ = {isa = PBXFileReference; lastKnownFileType = sourcecode.swift; path = RecipeParams.swift; sourceTree = "<group>"; };
		4631C4D5293AEB5200D82617 /* RecipeItem.swift */ = {isa = PBXFileReference; lastKnownFileType = sourcecode.swift; path = RecipeItem.swift; sourceTree = "<group>"; };
		4631C4D7293AEC6600D82617 /* RecipeItemViewModel.swift */ = {isa = PBXFileReference; lastKnownFileType = sourcecode.swift; path = RecipeItemViewModel.swift; sourceTree = "<group>"; };
		4631C4D9293AF4DC00D82617 /* MyRecipeListView.swift */ = {isa = PBXFileReference; lastKnownFileType = sourcecode.swift; path = MyRecipeListView.swift; sourceTree = "<group>"; };
		4631C4DB293AF8E100D82617 /* RecipeAddViewModel.swift */ = {isa = PBXFileReference; lastKnownFileType = sourcecode.swift; path = RecipeAddViewModel.swift; sourceTree = "<group>"; };
		4637C663293D9F2A00250A58 /* SearchRecipeView.swift */ = {isa = PBXFileReference; lastKnownFileType = sourcecode.swift; path = SearchRecipeView.swift; sourceTree = "<group>"; };
		4637C665293DC1D100250A58 /* FrontView.swift */ = {isa = PBXFileReference; lastKnownFileType = sourcecode.swift; path = FrontView.swift; sourceTree = "<group>"; };
		465E8BA0293E6CF60009C2B7 /* TestView.swift */ = {isa = PBXFileReference; lastKnownFileType = sourcecode.swift; path = TestView.swift; sourceTree = "<group>"; };
		46AFE1EE293B1CE700D01B9D /* RecipeFullView.swift */ = {isa = PBXFileReference; lastKnownFileType = sourcecode.swift; path = RecipeFullView.swift; sourceTree = "<group>"; };
		46FFB17C293D6A90001BCC8F /* RecipeFavoriteCard.swift */ = {isa = PBXFileReference; lastKnownFileType = sourcecode.swift; path = RecipeFavoriteCard.swift; sourceTree = "<group>"; };
		46FFB180293D7EA7001BCC8F /* FavoriteManager.swift */ = {isa = PBXFileReference; lastKnownFileType = sourcecode.swift; path = FavoriteManager.swift; sourceTree = "<group>"; };
		9C462F2F291A0F7300F31E41 /* Savory&Sweet.app */ = {isa = PBXFileReference; explicitFileType = wrapper.application; includeInIndex = 0; path = "Savory&Sweet.app"; sourceTree = BUILT_PRODUCTS_DIR; };
		9C462F32291A0F7300F31E41 /* Savory_SweetApp.swift */ = {isa = PBXFileReference; lastKnownFileType = sourcecode.swift; path = Savory_SweetApp.swift; sourceTree = "<group>"; };
		9C462F34291A0F7300F31E41 /* ContentView.swift */ = {isa = PBXFileReference; lastKnownFileType = sourcecode.swift; path = ContentView.swift; sourceTree = "<group>"; };
		9C462F36291A0F7800F31E41 /* Assets.xcassets */ = {isa = PBXFileReference; lastKnownFileType = folder.assetcatalog; path = Assets.xcassets; sourceTree = "<group>"; };
		9C462F39291A0F7800F31E41 /* Preview Assets.xcassets */ = {isa = PBXFileReference; lastKnownFileType = folder.assetcatalog; path = "Preview Assets.xcassets"; sourceTree = "<group>"; };
		9C462F3F291A0F7800F31E41 /* Savory&SweetTests.xctest */ = {isa = PBXFileReference; explicitFileType = wrapper.cfbundle; includeInIndex = 0; path = "Savory&SweetTests.xctest"; sourceTree = BUILT_PRODUCTS_DIR; };
		9C462F43291A0F7900F31E41 /* Savory_SweetTests.swift */ = {isa = PBXFileReference; lastKnownFileType = sourcecode.swift; path = Savory_SweetTests.swift; sourceTree = "<group>"; };
		9C462F49291A0F7900F31E41 /* Savory&SweetUITests.xctest */ = {isa = PBXFileReference; explicitFileType = wrapper.cfbundle; includeInIndex = 0; path = "Savory&SweetUITests.xctest"; sourceTree = BUILT_PRODUCTS_DIR; };
		9C462F4D291A0F7900F31E41 /* Savory_SweetUITests.swift */ = {isa = PBXFileReference; lastKnownFileType = sourcecode.swift; path = Savory_SweetUITests.swift; sourceTree = "<group>"; };
		9C462F4F291A0F7900F31E41 /* Savory_SweetUITestsLaunchTests.swift */ = {isa = PBXFileReference; lastKnownFileType = sourcecode.swift; path = Savory_SweetUITestsLaunchTests.swift; sourceTree = "<group>"; };
		9CBC3A98291A136900DDAD3D /* HomeView.swift */ = {isa = PBXFileReference; lastKnownFileType = sourcecode.swift; path = HomeView.swift; sourceTree = "<group>"; };
		9CBC3A9A291A137700DDAD3D /* MyRecipesView.swift */ = {isa = PBXFileReference; lastKnownFileType = sourcecode.swift; path = MyRecipesView.swift; sourceTree = "<group>"; };
		9CBC3A9C291A138500DDAD3D /* FavoritesView.swift */ = {isa = PBXFileReference; lastKnownFileType = sourcecode.swift; path = FavoritesView.swift; sourceTree = "<group>"; };
		9CBC3A9E291A139D00DDAD3D /* AddRecipeView.swift */ = {isa = PBXFileReference; lastKnownFileType = sourcecode.swift; path = AddRecipeView.swift; sourceTree = "<group>"; };
		9CBC3AA0291A13AE00DDAD3D /* SettingsView.swift */ = {isa = PBXFileReference; lastKnownFileType = sourcecode.swift; path = SettingsView.swift; sourceTree = "<group>"; };
		9CBC3AA3291A14DF00DDAD3D /* TabBarView.swift */ = {isa = PBXFileReference; lastKnownFileType = sourcecode.swift; path = TabBarView.swift; sourceTree = "<group>"; };
		A502C1C729208098005871FA /* WebService.swift */ = {isa = PBXFileReference; lastKnownFileType = sourcecode.swift; path = WebService.swift; sourceTree = "<group>"; };
		A502C1C92920877C005871FA /* Recipe.swift */ = {isa = PBXFileReference; lastKnownFileType = sourcecode.swift; path = Recipe.swift; sourceTree = "<group>"; };
		A502C1CB2920880E005871FA /* RecipeListViewModel.swift */ = {isa = PBXFileReference; lastKnownFileType = sourcecode.swift; path = RecipeListViewModel.swift; sourceTree = "<group>"; };
		A502C1CD292089D4005871FA /* StringSpace.swift */ = {isa = PBXFileReference; lastKnownFileType = sourcecode.swift; path = StringSpace.swift; sourceTree = "<group>"; };
		A502C1CF2920A4CB005871FA /* Savory-Sweet-Info.plist */ = {isa = PBXFileReference; lastKnownFileType = text.plist; path = "Savory-Sweet-Info.plist"; sourceTree = SOURCE_ROOT; };
/* End PBXFileReference section */

/* Begin PBXFrameworksBuildPhase section */
		9C462F2C291A0F7300F31E41 /* Frameworks */ = {
			isa = PBXFrameworksBuildPhase;
			buildActionMask = 2147483647;
			files = (
			);
			runOnlyForDeploymentPostprocessing = 0;
		};
		9C462F3C291A0F7800F31E41 /* Frameworks */ = {
			isa = PBXFrameworksBuildPhase;
			buildActionMask = 2147483647;
			files = (
			);
			runOnlyForDeploymentPostprocessing = 0;
		};
		9C462F46291A0F7900F31E41 /* Frameworks */ = {
			isa = PBXFrameworksBuildPhase;
			buildActionMask = 2147483647;
			files = (
			);
			runOnlyForDeploymentPostprocessing = 0;
		};
/* End PBXFrameworksBuildPhase section */

/* Begin PBXGroup section */
		4637C662293D981E00250A58 /* API */ = {
			isa = PBXGroup;
			children = (
				A502C1C729208098005871FA /* WebService.swift */,
				A502C1CD292089D4005871FA /* StringSpace.swift */,
				A502C1C92920877C005871FA /* Recipe.swift */,
				A502C1CB2920880E005871FA /* RecipeListViewModel.swift */,
				462DE876293EE54300746706 /* RecipeParams.swift */,
			);
			path = API;
			sourceTree = "<group>";
		};
		9C462F26291A0F7300F31E41 = {
			isa = PBXGroup;
			children = (
				9C462F31291A0F7300F31E41 /* Savory&Sweet */,
				9C462F42291A0F7800F31E41 /* Savory&SweetTests */,
				9C462F4C291A0F7900F31E41 /* Savory&SweetUITests */,
				9C462F30291A0F7300F31E41 /* Products */,
			);
			sourceTree = "<group>";
		};
		9C462F30291A0F7300F31E41 /* Products */ = {
			isa = PBXGroup;
			children = (
				9C462F2F291A0F7300F31E41 /* Savory&Sweet.app */,
				9C462F3F291A0F7800F31E41 /* Savory&SweetTests.xctest */,
				9C462F49291A0F7900F31E41 /* Savory&SweetUITests.xctest */,
			);
			name = Products;
			sourceTree = "<group>";
		};
		9C462F31291A0F7300F31E41 /* Savory&Sweet */ = {
			isa = PBXGroup;
			children = (
				A502C1CF2920A4CB005871FA /* Savory-Sweet-Info.plist */,
				9CBC3A96291A110E00DDAD3D /* Views */,
				9C462F32291A0F7300F31E41 /* Savory_SweetApp.swift */,
				9C462F36291A0F7800F31E41 /* Assets.xcassets */,
				4637C662293D981E00250A58 /* API */,
				9C462F38291A0F7800F31E41 /* Preview Content */,
			);
			path = "Savory&Sweet";
			sourceTree = "<group>";
		};
		9C462F38291A0F7800F31E41 /* Preview Content */ = {
			isa = PBXGroup;
			children = (
				4631C4D7293AEC6600D82617 /* RecipeItemViewModel.swift */,
				4631C4DB293AF8E100D82617 /* RecipeAddViewModel.swift */,
				46FFB180293D7EA7001BCC8F /* FavoriteManager.swift */,
				9C462F39291A0F7800F31E41 /* Preview Assets.xcassets */,
			);
			path = "Preview Content";
			sourceTree = "<group>";
		};
		9C462F42291A0F7800F31E41 /* Savory&SweetTests */ = {
			isa = PBXGroup;
			children = (
				9C462F43291A0F7900F31E41 /* Savory_SweetTests.swift */,
			);
			path = "Savory&SweetTests";
			sourceTree = "<group>";
		};
		9C462F4C291A0F7900F31E41 /* Savory&SweetUITests */ = {
			isa = PBXGroup;
			children = (
				9C462F4D291A0F7900F31E41 /* Savory_SweetUITests.swift */,
				9C462F4F291A0F7900F31E41 /* Savory_SweetUITestsLaunchTests.swift */,
			);
			path = "Savory&SweetUITests";
			sourceTree = "<group>";
		};
		9CBC3A96291A110E00DDAD3D /* Views */ = {
			isa = PBXGroup;
			children = (
				9CBC3A97291A111D00DDAD3D /* Main */,
			);
			path = Views;
			sourceTree = "<group>";
		};
		9CBC3A97291A111D00DDAD3D /* Main */ = {
			isa = PBXGroup;
			children = (
				9C462F34291A0F7300F31E41 /* ContentView.swift */,
				4637C665293DC1D100250A58 /* FrontView.swift */,
				9CBC3AA3291A14DF00DDAD3D /* TabBarView.swift */,
				9CBC3A98291A136900DDAD3D /* HomeView.swift */,
				465E8BA0293E6CF60009C2B7 /* TestView.swift */,
				9CBC3A9C291A138500DDAD3D /* FavoritesView.swift */,
				46AFE1EE293B1CE700D01B9D /* RecipeFullView.swift */,
				4637C663293D9F2A00250A58 /* SearchRecipeView.swift */,
				9CBC3A9A291A137700DDAD3D /* MyRecipesView.swift */,
				4631C4D9293AF4DC00D82617 /* MyRecipeListView.swift */,
				4631C4D5293AEB5200D82617 /* RecipeItem.swift */,
				46FFB17C293D6A90001BCC8F /* RecipeFavoriteCard.swift */,
				9CBC3A9E291A139D00DDAD3D /* AddRecipeView.swift */,
				9CBC3AA0291A13AE00DDAD3D /* SettingsView.swift */,
			);
			path = Main;
			sourceTree = "<group>";
		};
/* End PBXGroup section */

/* Begin PBXNativeTarget section */
		9C462F2E291A0F7300F31E41 /* Savory&Sweet */ = {
			isa = PBXNativeTarget;
			buildConfigurationList = 9C462F53291A0F7900F31E41 /* Build configuration list for PBXNativeTarget "Savory&Sweet" */;
			buildPhases = (
				9C462F2B291A0F7300F31E41 /* Sources */,
				9C462F2C291A0F7300F31E41 /* Frameworks */,
				9C462F2D291A0F7300F31E41 /* Resources */,
			);
			buildRules = (
			);
			dependencies = (
			);
			name = "Savory&Sweet";
			productName = "Savory&Sweet";
			productReference = 9C462F2F291A0F7300F31E41 /* Savory&Sweet.app */;
			productType = "com.apple.product-type.application";
		};
		9C462F3E291A0F7800F31E41 /* Savory&SweetTests */ = {
			isa = PBXNativeTarget;
			buildConfigurationList = 9C462F56291A0F7900F31E41 /* Build configuration list for PBXNativeTarget "Savory&SweetTests" */;
			buildPhases = (
				9C462F3B291A0F7800F31E41 /* Sources */,
				9C462F3C291A0F7800F31E41 /* Frameworks */,
				9C462F3D291A0F7800F31E41 /* Resources */,
			);
			buildRules = (
			);
			dependencies = (
				9C462F41291A0F7800F31E41 /* PBXTargetDependency */,
			);
			name = "Savory&SweetTests";
			productName = "Savory&SweetTests";
			productReference = 9C462F3F291A0F7800F31E41 /* Savory&SweetTests.xctest */;
			productType = "com.apple.product-type.bundle.unit-test";
		};
		9C462F48291A0F7900F31E41 /* Savory&SweetUITests */ = {
			isa = PBXNativeTarget;
			buildConfigurationList = 9C462F59291A0F7900F31E41 /* Build configuration list for PBXNativeTarget "Savory&SweetUITests" */;
			buildPhases = (
				9C462F45291A0F7900F31E41 /* Sources */,
				9C462F46291A0F7900F31E41 /* Frameworks */,
				9C462F47291A0F7900F31E41 /* Resources */,
			);
			buildRules = (
			);
			dependencies = (
				9C462F4B291A0F7900F31E41 /* PBXTargetDependency */,
			);
			name = "Savory&SweetUITests";
			productName = "Savory&SweetUITests";
			productReference = 9C462F49291A0F7900F31E41 /* Savory&SweetUITests.xctest */;
			productType = "com.apple.product-type.bundle.ui-testing";
		};
/* End PBXNativeTarget section */

/* Begin PBXProject section */
		9C462F27291A0F7300F31E41 /* Project object */ = {
			isa = PBXProject;
			attributes = {
				BuildIndependentTargetsInParallel = 1;
				LastSwiftUpdateCheck = 1340;
				LastUpgradeCheck = 1340;
				TargetAttributes = {
					9C462F2E291A0F7300F31E41 = {
						CreatedOnToolsVersion = 13.4.1;
					};
					9C462F3E291A0F7800F31E41 = {
						CreatedOnToolsVersion = 13.4.1;
						TestTargetID = 9C462F2E291A0F7300F31E41;
					};
					9C462F48291A0F7900F31E41 = {
						CreatedOnToolsVersion = 13.4.1;
						TestTargetID = 9C462F2E291A0F7300F31E41;
					};
				};
			};
			buildConfigurationList = 9C462F2A291A0F7300F31E41 /* Build configuration list for PBXProject "Savory&Sweet" */;
			compatibilityVersion = "Xcode 13.0";
			developmentRegion = en;
			hasScannedForEncodings = 0;
			knownRegions = (
				en,
				Base,
			);
			mainGroup = 9C462F26291A0F7300F31E41;
			productRefGroup = 9C462F30291A0F7300F31E41 /* Products */;
			projectDirPath = "";
			projectRoot = "";
			targets = (
				9C462F2E291A0F7300F31E41 /* Savory&Sweet */,
				9C462F3E291A0F7800F31E41 /* Savory&SweetTests */,
				9C462F48291A0F7900F31E41 /* Savory&SweetUITests */,
			);
		};
/* End PBXProject section */

/* Begin PBXResourcesBuildPhase section */
		9C462F2D291A0F7300F31E41 /* Resources */ = {
			isa = PBXResourcesBuildPhase;
			buildActionMask = 2147483647;
			files = (
				9C462F3A291A0F7800F31E41 /* Preview Assets.xcassets in Resources */,
				9C462F37291A0F7800F31E41 /* Assets.xcassets in Resources */,
			);
			runOnlyForDeploymentPostprocessing = 0;
		};
		9C462F3D291A0F7800F31E41 /* Resources */ = {
			isa = PBXResourcesBuildPhase;
			buildActionMask = 2147483647;
			files = (
			);
			runOnlyForDeploymentPostprocessing = 0;
		};
		9C462F47291A0F7900F31E41 /* Resources */ = {
			isa = PBXResourcesBuildPhase;
			buildActionMask = 2147483647;
			files = (
			);
			runOnlyForDeploymentPostprocessing = 0;
		};
/* End PBXResourcesBuildPhase section */

/* Begin PBXSourcesBuildPhase section */
		9C462F2B291A0F7300F31E41 /* Sources */ = {
			isa = PBXSourcesBuildPhase;
			buildActionMask = 2147483647;
			files = (
				4631C4DC293AF8E100D82617 /* RecipeAddViewModel.swift in Sources */,
				4631C4D6293AEB5200D82617 /* RecipeItem.swift in Sources */,
				465E8BA1293E6CF60009C2B7 /* TestView.swift in Sources */,
				462DE877293EE54300746706 /* RecipeParams.swift in Sources */,
				A502C1C829208098005871FA /* WebService.swift in Sources */,
				A502C1CC2920880E005871FA /* RecipeListViewModel.swift in Sources */,
				9CBC3AA1291A13AE00DDAD3D /* SettingsView.swift in Sources */,
				4637C666293DC1D100250A58 /* FrontView.swift in Sources */,
				A502C1CE292089D4005871FA /* StringSpace.swift in Sources */,
				4637C664293D9F2A00250A58 /* SearchRecipeView.swift in Sources */,
				9CBC3A9D291A138500DDAD3D /* FavoritesView.swift in Sources */,
				46FFB17D293D6A90001BCC8F /* RecipeFavoriteCard.swift in Sources */,
				9CBC3AA4291A14DF00DDAD3D /* TabBarView.swift in Sources */,
				4631C4D8293AEC6600D82617 /* RecipeItemViewModel.swift in Sources */,
				4631C4DA293AF4DC00D82617 /* MyRecipeListView.swift in Sources */,
				9CBC3A9B291A137700DDAD3D /* MyRecipesView.swift in Sources */,
				9CBC3A9F291A139D00DDAD3D /* AddRecipeView.swift in Sources */,
				46AFE1EF293B1CE700D01B9D /* RecipeFullView.swift in Sources */,
				9CBC3A99291A136900DDAD3D /* HomeView.swift in Sources */,
				9C462F35291A0F7300F31E41 /* ContentView.swift in Sources */,
				46FFB181293D7EA7001BCC8F /* FavoriteManager.swift in Sources */,
				9C462F33291A0F7300F31E41 /* Savory_SweetApp.swift in Sources */,
				A502C1CA2920877C005871FA /* Recipe.swift in Sources */,
			);
			runOnlyForDeploymentPostprocessing = 0;
		};
		9C462F3B291A0F7800F31E41 /* Sources */ = {
			isa = PBXSourcesBuildPhase;
			buildActionMask = 2147483647;
			files = (
				9C462F44291A0F7900F31E41 /* Savory_SweetTests.swift in Sources */,
			);
			runOnlyForDeploymentPostprocessing = 0;
		};
		9C462F45291A0F7900F31E41 /* Sources */ = {
			isa = PBXSourcesBuildPhase;
			buildActionMask = 2147483647;
			files = (
				9C462F4E291A0F7900F31E41 /* Savory_SweetUITests.swift in Sources */,
				9C462F50291A0F7900F31E41 /* Savory_SweetUITestsLaunchTests.swift in Sources */,
			);
			runOnlyForDeploymentPostprocessing = 0;
		};
/* End PBXSourcesBuildPhase section */

/* Begin PBXTargetDependency section */
		9C462F41291A0F7800F31E41 /* PBXTargetDependency */ = {
			isa = PBXTargetDependency;
			target = 9C462F2E291A0F7300F31E41 /* Savory&Sweet */;
			targetProxy = 9C462F40291A0F7800F31E41 /* PBXContainerItemProxy */;
		};
		9C462F4B291A0F7900F31E41 /* PBXTargetDependency */ = {
			isa = PBXTargetDependency;
			target = 9C462F2E291A0F7300F31E41 /* Savory&Sweet */;
			targetProxy = 9C462F4A291A0F7900F31E41 /* PBXContainerItemProxy */;
		};
/* End PBXTargetDependency section */

/* Begin XCBuildConfiguration section */
		9C462F51291A0F7900F31E41 /* Debug */ = {
			isa = XCBuildConfiguration;
			buildSettings = {
				ALWAYS_SEARCH_USER_PATHS = NO;
				CLANG_ANALYZER_NONNULL = YES;
				CLANG_ANALYZER_NUMBER_OBJECT_CONVERSION = YES_AGGRESSIVE;
				CLANG_CXX_LANGUAGE_STANDARD = "gnu++17";
				CLANG_ENABLE_MODULES = YES;
				CLANG_ENABLE_OBJC_ARC = YES;
				CLANG_ENABLE_OBJC_WEAK = YES;
				CLANG_WARN_BLOCK_CAPTURE_AUTORELEASING = YES;
				CLANG_WARN_BOOL_CONVERSION = YES;
				CLANG_WARN_COMMA = YES;
				CLANG_WARN_CONSTANT_CONVERSION = YES;
				CLANG_WARN_DEPRECATED_OBJC_IMPLEMENTATIONS = YES;
				CLANG_WARN_DIRECT_OBJC_ISA_USAGE = YES_ERROR;
				CLANG_WARN_DOCUMENTATION_COMMENTS = YES;
				CLANG_WARN_EMPTY_BODY = YES;
				CLANG_WARN_ENUM_CONVERSION = YES;
				CLANG_WARN_INFINITE_RECURSION = YES;
				CLANG_WARN_INT_CONVERSION = YES;
				CLANG_WARN_NON_LITERAL_NULL_CONVERSION = YES;
				CLANG_WARN_OBJC_IMPLICIT_RETAIN_SELF = YES;
				CLANG_WARN_OBJC_LITERAL_CONVERSION = YES;
				CLANG_WARN_OBJC_ROOT_CLASS = YES_ERROR;
				CLANG_WARN_QUOTED_INCLUDE_IN_FRAMEWORK_HEADER = YES;
				CLANG_WARN_RANGE_LOOP_ANALYSIS = YES;
				CLANG_WARN_STRICT_PROTOTYPES = YES;
				CLANG_WARN_SUSPICIOUS_MOVE = YES;
				CLANG_WARN_UNGUARDED_AVAILABILITY = YES_AGGRESSIVE;
				CLANG_WARN_UNREACHABLE_CODE = YES;
				CLANG_WARN__DUPLICATE_METHOD_MATCH = YES;
				COPY_PHASE_STRIP = NO;
				DEBUG_INFORMATION_FORMAT = dwarf;
				ENABLE_STRICT_OBJC_MSGSEND = YES;
				ENABLE_TESTABILITY = YES;
				GCC_C_LANGUAGE_STANDARD = gnu11;
				GCC_DYNAMIC_NO_PIC = NO;
				GCC_NO_COMMON_BLOCKS = YES;
				GCC_OPTIMIZATION_LEVEL = 0;
				GCC_PREPROCESSOR_DEFINITIONS = (
					"DEBUG=1",
					"$(inherited)",
				);
				GCC_WARN_64_TO_32_BIT_CONVERSION = YES;
				GCC_WARN_ABOUT_RETURN_TYPE = YES_ERROR;
				GCC_WARN_UNDECLARED_SELECTOR = YES;
				GCC_WARN_UNINITIALIZED_AUTOS = YES_AGGRESSIVE;
				GCC_WARN_UNUSED_FUNCTION = YES;
				GCC_WARN_UNUSED_VARIABLE = YES;
				IPHONEOS_DEPLOYMENT_TARGET = 15.5;
				MTL_ENABLE_DEBUG_INFO = INCLUDE_SOURCE;
				MTL_FAST_MATH = YES;
				ONLY_ACTIVE_ARCH = YES;
				SDKROOT = iphoneos;
				SWIFT_ACTIVE_COMPILATION_CONDITIONS = DEBUG;
				SWIFT_OPTIMIZATION_LEVEL = "-Onone";
			};
			name = Debug;
		};
		9C462F52291A0F7900F31E41 /* Release */ = {
			isa = XCBuildConfiguration;
			buildSettings = {
				ALWAYS_SEARCH_USER_PATHS = NO;
				CLANG_ANALYZER_NONNULL = YES;
				CLANG_ANALYZER_NUMBER_OBJECT_CONVERSION = YES_AGGRESSIVE;
				CLANG_CXX_LANGUAGE_STANDARD = "gnu++17";
				CLANG_ENABLE_MODULES = YES;
				CLANG_ENABLE_OBJC_ARC = YES;
				CLANG_ENABLE_OBJC_WEAK = YES;
				CLANG_WARN_BLOCK_CAPTURE_AUTORELEASING = YES;
				CLANG_WARN_BOOL_CONVERSION = YES;
				CLANG_WARN_COMMA = YES;
				CLANG_WARN_CONSTANT_CONVERSION = YES;
				CLANG_WARN_DEPRECATED_OBJC_IMPLEMENTATIONS = YES;
				CLANG_WARN_DIRECT_OBJC_ISA_USAGE = YES_ERROR;
				CLANG_WARN_DOCUMENTATION_COMMENTS = YES;
				CLANG_WARN_EMPTY_BODY = YES;
				CLANG_WARN_ENUM_CONVERSION = YES;
				CLANG_WARN_INFINITE_RECURSION = YES;
				CLANG_WARN_INT_CONVERSION = YES;
				CLANG_WARN_NON_LITERAL_NULL_CONVERSION = YES;
				CLANG_WARN_OBJC_IMPLICIT_RETAIN_SELF = YES;
				CLANG_WARN_OBJC_LITERAL_CONVERSION = YES;
				CLANG_WARN_OBJC_ROOT_CLASS = YES_ERROR;
				CLANG_WARN_QUOTED_INCLUDE_IN_FRAMEWORK_HEADER = YES;
				CLANG_WARN_RANGE_LOOP_ANALYSIS = YES;
				CLANG_WARN_STRICT_PROTOTYPES = YES;
				CLANG_WARN_SUSPICIOUS_MOVE = YES;
				CLANG_WARN_UNGUARDED_AVAILABILITY = YES_AGGRESSIVE;
				CLANG_WARN_UNREACHABLE_CODE = YES;
				CLANG_WARN__DUPLICATE_METHOD_MATCH = YES;
				COPY_PHASE_STRIP = NO;
				DEBUG_INFORMATION_FORMAT = "dwarf-with-dsym";
				ENABLE_NS_ASSERTIONS = NO;
				ENABLE_STRICT_OBJC_MSGSEND = YES;
				GCC_C_LANGUAGE_STANDARD = gnu11;
				GCC_NO_COMMON_BLOCKS = YES;
				GCC_WARN_64_TO_32_BIT_CONVERSION = YES;
				GCC_WARN_ABOUT_RETURN_TYPE = YES_ERROR;
				GCC_WARN_UNDECLARED_SELECTOR = YES;
				GCC_WARN_UNINITIALIZED_AUTOS = YES_AGGRESSIVE;
				GCC_WARN_UNUSED_FUNCTION = YES;
				GCC_WARN_UNUSED_VARIABLE = YES;
				IPHONEOS_DEPLOYMENT_TARGET = 15.5;
				MTL_ENABLE_DEBUG_INFO = NO;
				MTL_FAST_MATH = YES;
				SDKROOT = iphoneos;
				SWIFT_COMPILATION_MODE = wholemodule;
				SWIFT_OPTIMIZATION_LEVEL = "-O";
				VALIDATE_PRODUCT = YES;
			};
			name = Release;
		};
		9C462F54291A0F7900F31E41 /* Debug */ = {
			isa = XCBuildConfiguration;
			buildSettings = {
				ASSETCATALOG_COMPILER_APPICON_NAME = AppIcon;
				ASSETCATALOG_COMPILER_GLOBAL_ACCENT_COLOR_NAME = AccentColor;
				CODE_SIGN_STYLE = Automatic;
				CURRENT_PROJECT_VERSION = 1;
				DEVELOPMENT_ASSET_PATHS = "\"Savory&Sweet/Preview Content\"";
				DEVELOPMENT_TEAM = GYFFTV84M9;
				ENABLE_PREVIEWS = YES;
				GENERATE_INFOPLIST_FILE = YES;
				INFOPLIST_FILE = "Savory-Sweet-Info.plist";
				INFOPLIST_KEY_LSApplicationCategoryType = "";
				INFOPLIST_KEY_UIApplicationSceneManifest_Generation = YES;
				INFOPLIST_KEY_UIApplicationSupportsIndirectInputEvents = YES;
				INFOPLIST_KEY_UILaunchScreen_Generation = YES;
				INFOPLIST_KEY_UISupportedInterfaceOrientations_iPad = "UIInterfaceOrientationPortrait UIInterfaceOrientationPortraitUpsideDown UIInterfaceOrientationLandscapeLeft UIInterfaceOrientationLandscapeRight";
				INFOPLIST_KEY_UISupportedInterfaceOrientations_iPhone = "UIInterfaceOrientationPortrait UIInterfaceOrientationLandscapeLeft UIInterfaceOrientationLandscapeRight";
				LD_RUNPATH_SEARCH_PATHS = (
					"$(inherited)",
					"@executable_path/Frameworks",
				);
				MARKETING_VERSION = 1.0;
				PRODUCT_BUNDLE_IDENTIFIER = "edu.harding.kcarballo.Savory-Sweet";
				PRODUCT_NAME = "$(TARGET_NAME)";
				SWIFT_EMIT_LOC_STRINGS = YES;
				SWIFT_VERSION = 5.0;
				TARGETED_DEVICE_FAMILY = "1,2";
			};
			name = Debug;
		};
		9C462F55291A0F7900F31E41 /* Release */ = {
			isa = XCBuildConfiguration;
			buildSettings = {
				ASSETCATALOG_COMPILER_APPICON_NAME = AppIcon;
				ASSETCATALOG_COMPILER_GLOBAL_ACCENT_COLOR_NAME = AccentColor;
				CODE_SIGN_STYLE = Automatic;
				CURRENT_PROJECT_VERSION = 1;
				DEVELOPMENT_ASSET_PATHS = "\"Savory&Sweet/Preview Content\"";
				DEVELOPMENT_TEAM = GYFFTV84M9;
				ENABLE_PREVIEWS = YES;
				GENERATE_INFOPLIST_FILE = YES;
				INFOPLIST_FILE = "Savory-Sweet-Info.plist";
				INFOPLIST_KEY_LSApplicationCategoryType = "";
				INFOPLIST_KEY_UIApplicationSceneManifest_Generation = YES;
				INFOPLIST_KEY_UIApplicationSupportsIndirectInputEvents = YES;
				INFOPLIST_KEY_UILaunchScreen_Generation = YES;
				INFOPLIST_KEY_UISupportedInterfaceOrientations_iPad = "UIInterfaceOrientationPortrait UIInterfaceOrientationPortraitUpsideDown UIInterfaceOrientationLandscapeLeft UIInterfaceOrientationLandscapeRight";
				INFOPLIST_KEY_UISupportedInterfaceOrientations_iPhone = "UIInterfaceOrientationPortrait UIInterfaceOrientationLandscapeLeft UIInterfaceOrientationLandscapeRight";
				LD_RUNPATH_SEARCH_PATHS = (
					"$(inherited)",
					"@executable_path/Frameworks",
				);
				MARKETING_VERSION = 1.0;
				PRODUCT_BUNDLE_IDENTIFIER = "edu.harding.kcarballo.Savory-Sweet";
				PRODUCT_NAME = "$(TARGET_NAME)";
				SWIFT_EMIT_LOC_STRINGS = YES;
				SWIFT_VERSION = 5.0;
				TARGETED_DEVICE_FAMILY = "1,2";
			};
			name = Release;
		};
		9C462F57291A0F7900F31E41 /* Debug */ = {
			isa = XCBuildConfiguration;
			buildSettings = {
				ALWAYS_EMBED_SWIFT_STANDARD_LIBRARIES = YES;
				BUNDLE_LOADER = "$(TEST_HOST)";
				CODE_SIGN_STYLE = Automatic;
				CURRENT_PROJECT_VERSION = 1;
				DEVELOPMENT_TEAM = GYFFTV84M9;
				GENERATE_INFOPLIST_FILE = YES;
				IPHONEOS_DEPLOYMENT_TARGET = 15.5;
				MARKETING_VERSION = 1.0;
				PRODUCT_BUNDLE_IDENTIFIER = "edu.harding.kcarballo.Savory-SweetTests";
				PRODUCT_NAME = "$(TARGET_NAME)";
				SWIFT_EMIT_LOC_STRINGS = NO;
				SWIFT_VERSION = 5.0;
				TARGETED_DEVICE_FAMILY = "1,2";
				TEST_HOST = "$(BUILT_PRODUCTS_DIR)/Savory&Sweet.app/Savory&Sweet";
			};
			name = Debug;
		};
		9C462F58291A0F7900F31E41 /* Release */ = {
			isa = XCBuildConfiguration;
			buildSettings = {
				ALWAYS_EMBED_SWIFT_STANDARD_LIBRARIES = YES;
				BUNDLE_LOADER = "$(TEST_HOST)";
				CODE_SIGN_STYLE = Automatic;
				CURRENT_PROJECT_VERSION = 1;
				DEVELOPMENT_TEAM = GYFFTV84M9;
				GENERATE_INFOPLIST_FILE = YES;
				IPHONEOS_DEPLOYMENT_TARGET = 15.5;
				MARKETING_VERSION = 1.0;
				PRODUCT_BUNDLE_IDENTIFIER = "edu.harding.kcarballo.Savory-SweetTests";
				PRODUCT_NAME = "$(TARGET_NAME)";
				SWIFT_EMIT_LOC_STRINGS = NO;
				SWIFT_VERSION = 5.0;
				TARGETED_DEVICE_FAMILY = "1,2";
				TEST_HOST = "$(BUILT_PRODUCTS_DIR)/Savory&Sweet.app/Savory&Sweet";
			};
			name = Release;
		};
		9C462F5A291A0F7900F31E41 /* Debug */ = {
			isa = XCBuildConfiguration;
			buildSettings = {
				ALWAYS_EMBED_SWIFT_STANDARD_LIBRARIES = YES;
				CODE_SIGN_STYLE = Automatic;
				CURRENT_PROJECT_VERSION = 1;
				DEVELOPMENT_TEAM = GYFFTV84M9;
				GENERATE_INFOPLIST_FILE = YES;
				MARKETING_VERSION = 1.0;
				PRODUCT_BUNDLE_IDENTIFIER = "edu.harding.kcarballo.Savory-SweetUITests";
				PRODUCT_NAME = "$(TARGET_NAME)";
				SWIFT_EMIT_LOC_STRINGS = NO;
				SWIFT_VERSION = 5.0;
				TARGETED_DEVICE_FAMILY = "1,2";
				TEST_TARGET_NAME = "Savory&Sweet";
			};
			name = Debug;
		};
		9C462F5B291A0F7900F31E41 /* Release */ = {
			isa = XCBuildConfiguration;
			buildSettings = {
				ALWAYS_EMBED_SWIFT_STANDARD_LIBRARIES = YES;
				CODE_SIGN_STYLE = Automatic;
				CURRENT_PROJECT_VERSION = 1;
				DEVELOPMENT_TEAM = GYFFTV84M9;
				GENERATE_INFOPLIST_FILE = YES;
				MARKETING_VERSION = 1.0;
				PRODUCT_BUNDLE_IDENTIFIER = "edu.harding.kcarballo.Savory-SweetUITests";
				PRODUCT_NAME = "$(TARGET_NAME)";
				SWIFT_EMIT_LOC_STRINGS = NO;
				SWIFT_VERSION = 5.0;
				TARGETED_DEVICE_FAMILY = "1,2";
				TEST_TARGET_NAME = "Savory&Sweet";
			};
			name = Release;
		};
/* End XCBuildConfiguration section */

/* Begin XCConfigurationList section */
		9C462F2A291A0F7300F31E41 /* Build configuration list for PBXProject "Savory&Sweet" */ = {
			isa = XCConfigurationList;
			buildConfigurations = (
				9C462F51291A0F7900F31E41 /* Debug */,
				9C462F52291A0F7900F31E41 /* Release */,
			);
			defaultConfigurationIsVisible = 0;
			defaultConfigurationName = Release;
		};
		9C462F53291A0F7900F31E41 /* Build configuration list for PBXNativeTarget "Savory&Sweet" */ = {
			isa = XCConfigurationList;
			buildConfigurations = (
				9C462F54291A0F7900F31E41 /* Debug */,
				9C462F55291A0F7900F31E41 /* Release */,
			);
			defaultConfigurationIsVisible = 0;
			defaultConfigurationName = Release;
		};
		9C462F56291A0F7900F31E41 /* Build configuration list for PBXNativeTarget "Savory&SweetTests" */ = {
			isa = XCConfigurationList;
			buildConfigurations = (
				9C462F57291A0F7900F31E41 /* Debug */,
				9C462F58291A0F7900F31E41 /* Release */,
			);
			defaultConfigurationIsVisible = 0;
			defaultConfigurationName = Release;
		};
		9C462F59291A0F7900F31E41 /* Build configuration list for PBXNativeTarget "Savory&SweetUITests" */ = {
			isa = XCConfigurationList;
			buildConfigurations = (
				9C462F5A291A0F7900F31E41 /* Debug */,
				9C462F5B291A0F7900F31E41 /* Release */,
			);
			defaultConfigurationIsVisible = 0;
			defaultConfigurationName = Release;
		};
/* End XCConfigurationList section */
	};
	rootObject = 9C462F27291A0F7300F31E41 /* Project object */;
}
